
Microsoft Visual Studio Solution File, Format Version 12.00
# Visual Studio Version 17
VisualStudioVersion = 17.9.34723.18
MinimumVisualStudioVersion = 10.0.40219.1
Project("{2150E333-8FDC-42A3-9474-1A3956D46DE8}") = "Solution Items", "Solution Items", "{E525B7B5-FFB1-40F2-B279-7AF369A931E8}"
	ProjectSection(SolutionItems) = preProject
		WillBeThere.drawio = WillBeThere.drawio
	EndProjectSection
EndProject
Project("{9A19103F-16F7-4668-BE54-9A1E7A4F7556}") = "Blazor.Components", "Blazor.Components\Blazor.Components.csproj", "{C624EC05-3CB9-40B9-A834-29E5AB4DAEBC}"
EndProject
Project("{2150E333-8FDC-42A3-9474-1A3956D46DE8}") = "PresentationLayer", "PresentationLayer", "{9C1C1D5B-0EA0-42AF-AAF0-6504CBB91B11}"
EndProject
Project("{9A19103F-16F7-4668-BE54-9A1E7A4F7556}") = "WillBeThere.Mobile", "WillBeThere.Mobile\WillBeThere.Mobile.csproj", "{2BF5D7D1-37DD-4308-866F-1DE71A532121}"
EndProject
Project("{9A19103F-16F7-4668-BE54-9A1E7A4F7556}") = "WillBeThere.Web", "WillBeThere.Web\WillBeThere.Web.csproj", "{912F2D8B-6224-404D-87E1-0B5915542A3E}"
EndProject
Project("{9A19103F-16F7-4668-BE54-9A1E7A4F7556}") = "WillBeThere.Backend", "WillBeThere.Backend\WillBeThere.Backend\WillBeThere.Backend.csproj", "{496B3EEA-3AEA-49EC-8A4B-47AB093F68A1}"
EndProject
Project("{9A19103F-16F7-4668-BE54-9A1E7A4F7556}") = "WillBeThere.ApplicationLayer", "WillBeThere.ApplicationLayer\WillBeThere.ApplicationLayer.csproj", "{14CA78E5-CECD-4D1C-B024-2B62FA81D39D}"
EndProject
Project("{9A19103F-16F7-4668-BE54-9A1E7A4F7556}") = "WillBeThere.DomainLayer", "WillBeThere.DomainLayer\WillBeThere.DomainLayer.csproj", "{89B8BCE6-264C-4B61-8956-B3336EF17F4D}"
EndProject
Project("{9A19103F-16F7-4668-BE54-9A1E7A4F7556}") = "WillBeThere.InfrastuctureLayer", "WillBeThere.InfrastuctureLayer\WillBeThere.InfrastuctureLayer.csproj", "{2857A0D9-48A9-4A50-92D5-F6A6D222F577}"
EndProject
Project("{9A19103F-16F7-4668-BE54-9A1E7A4F7556}") = "Shared.ApplicationLayer", "Shared.ApplicationLayer\Shared.ApplicationLayer.csproj", "{A6D907F1-32AE-42F8-A4A1-1BB347194F7F}"
EndProject
Project("{9A19103F-16F7-4668-BE54-9A1E7A4F7556}") = "Shared.DomainLayer", "Shared.DomainLayer\Shared.DomainLayer.csproj", "{096A298A-05AF-4133-A915-7D317499AD48}"
EndProject
Project("{9A19103F-16F7-4668-BE54-9A1E7A4F7556}") = "Shared.InfrastuctureLayer", "Shared.InfrastuctureLayer\Shared.InfrastuctureLayer.csproj", "{4D90342B-A2EC-4B99-AC23-B6BC09CA3B4B}"
EndProject
Project("{9A19103F-16F7-4668-BE54-9A1E7A4F7556}") = "WillBeThere.Console", "WillBeThere.Console\WillBeThere.Console.csproj", "{DDC6C1FB-8B15-470E-AE82-ED545146899F}"
EndProject
Project("{FAE04EC0-301F-11D3-BF4B-00C04F79EFBC}") = "HelpersProject", "HelpersProject\HelpersProject.csproj", "{ADD3D3FA-6F55-49EA-A195-ECD048155C65}"
EndProject
Global
	GlobalSection(SolutionConfigurationPlatforms) = preSolution
		Debug|Any CPU = Debug|Any CPU
		Release|Any CPU = Release|Any CPU
	EndGlobalSection
	GlobalSection(ProjectConfigurationPlatforms) = postSolution
		{C624EC05-3CB9-40B9-A834-29E5AB4DAEBC}.Debug|Any CPU.ActiveCfg = Debug|Any CPU
		{C624EC05-3CB9-40B9-A834-29E5AB4DAEBC}.Debug|Any CPU.Build.0 = Debug|Any CPU
		{C624EC05-3CB9-40B9-A834-29E5AB4DAEBC}.Release|Any CPU.ActiveCfg = Release|Any CPU
		{C624EC05-3CB9-40B9-A834-29E5AB4DAEBC}.Release|Any CPU.Build.0 = Release|Any CPU
		{2BF5D7D1-37DD-4308-866F-1DE71A532121}.Debug|Any CPU.ActiveCfg = Debug|Any CPU
		{2BF5D7D1-37DD-4308-866F-1DE71A532121}.Debug|Any CPU.Build.0 = Debug|Any CPU
		{2BF5D7D1-37DD-4308-866F-1DE71A532121}.Debug|Any CPU.Deploy.0 = Debug|Any CPU
		{2BF5D7D1-37DD-4308-866F-1DE71A532121}.Release|Any CPU.ActiveCfg = Release|Any CPU
		{2BF5D7D1-37DD-4308-866F-1DE71A532121}.Release|Any CPU.Build.0 = Release|Any CPU
		{2BF5D7D1-37DD-4308-866F-1DE71A532121}.Release|Any CPU.Deploy.0 = Release|Any CPU
		{912F2D8B-6224-404D-87E1-0B5915542A3E}.Debug|Any CPU.ActiveCfg = Debug|Any CPU
		{912F2D8B-6224-404D-87E1-0B5915542A3E}.Debug|Any CPU.Build.0 = Debug|Any CPU
		{912F2D8B-6224-404D-87E1-0B5915542A3E}.Release|Any CPU.ActiveCfg = Release|Any CPU
		{912F2D8B-6224-404D-87E1-0B5915542A3E}.Release|Any CPU.Build.0 = Release|Any CPU
		{496B3EEA-3AEA-49EC-8A4B-47AB093F68A1}.Debug|Any CPU.ActiveCfg = Debug|Any CPU
		{496B3EEA-3AEA-49EC-8A4B-47AB093F68A1}.Debug|Any CPU.Build.0 = Debug|Any CPU
		{496B3EEA-3AEA-49EC-8A4B-47AB093F68A1}.Release|Any CPU.ActiveCfg = Release|Any CPU
		{496B3EEA-3AEA-49EC-8A4B-47AB093F68A1}.Release|Any CPU.Build.0 = Release|Any CPU
		{14CA78E5-CECD-4D1C-B024-2B62FA81D39D}.Debug|Any CPU.ActiveCfg = Debug|Any CPU
		{14CA78E5-CECD-4D1C-B024-2B62FA81D39D}.Debug|Any CPU.Build.0 = Debug|Any CPU
		{14CA78E5-CECD-4D1C-B024-2B62FA81D39D}.Release|Any CPU.ActiveCfg = Release|Any CPU
		{14CA78E5-CECD-4D1C-B024-2B62FA81D39D}.Release|Any CPU.Build.0 = Release|Any CPU
		{89B8BCE6-264C-4B61-8956-B3336EF17F4D}.Debug|Any CPU.ActiveCfg = Debug|Any CPU
		{89B8BCE6-264C-4B61-8956-B3336EF17F4D}.Debug|Any CPU.Build.0 = Debug|Any CPU
		{89B8BCE6-264C-4B61-8956-B3336EF17F4D}.Release|Any CPU.ActiveCfg = Release|Any CPU
		{89B8BCE6-264C-4B61-8956-B3336EF17F4D}.Release|Any CPU.Build.0 = Release|Any CPU
		{2857A0D9-48A9-4A50-92D5-F6A6D222F577}.Debug|Any CPU.ActiveCfg = Debug|Any CPU
		{2857A0D9-48A9-4A50-92D5-F6A6D222F577}.Debug|Any CPU.Build.0 = Debug|Any CPU
		{2857A0D9-48A9-4A50-92D5-F6A6D222F577}.Release|Any CPU.ActiveCfg = Release|Any CPU
		{2857A0D9-48A9-4A50-92D5-F6A6D222F577}.Release|Any CPU.Build.0 = Release|Any CPU
		{A6D907F1-32AE-42F8-A4A1-1BB347194F7F}.Debug|Any CPU.ActiveCfg = Debug|Any CPU
		{A6D907F1-32AE-42F8-A4A1-1BB347194F7F}.Debug|Any CPU.Build.0 = Debug|Any CPU
		{A6D907F1-32AE-42F8-A4A1-1BB347194F7F}.Release|Any CPU.ActiveCfg = Release|Any CPU
		{A6D907F1-32AE-42F8-A4A1-1BB347194F7F}.Release|Any CPU.Build.0 = Release|Any CPU
		{096A298A-05AF-4133-A915-7D317499AD48}.Debug|Any CPU.ActiveCfg = Debug|Any CPU
		{096A298A-05AF-4133-A915-7D317499AD48}.Debug|Any CPU.Build.0 = Debug|Any CPU
		{096A298A-05AF-4133-A915-7D317499AD48}.Release|Any CPU.ActiveCfg = Release|Any CPU
		{096A298A-05AF-4133-A915-7D317499AD48}.Release|Any CPU.Build.0 = Release|Any CPU
		{4D90342B-A2EC-4B99-AC23-B6BC09CA3B4B}.Debug|Any CPU.ActiveCfg = Debug|Any CPU
		{4D90342B-A2EC-4B99-AC23-B6BC09CA3B4B}.Debug|Any CPU.Build.0 = Debug|Any CPU
		{4D90342B-A2EC-4B99-AC23-B6BC09CA3B4B}.Release|Any CPU.ActiveCfg = Release|Any CPU
		{4D90342B-A2EC-4B99-AC23-B6BC09CA3B4B}.Release|Any CPU.Build.0 = Release|Any CPU
		{DDC6C1FB-8B15-470E-AE82-ED545146899F}.Debug|Any CPU.ActiveCfg = Debug|Any CPU
		{DDC6C1FB-8B15-470E-AE82-ED545146899F}.Debug|Any CPU.Build.0 = Debug|Any CPU
		{DDC6C1FB-8B15-470E-AE82-ED545146899F}.Release|Any CPU.ActiveCfg = Release|Any CPU
		{DDC6C1FB-8B15-470E-AE82-ED545146899F}.Release|Any CPU.Build.0 = Release|Any CPU
		{ADD3D3FA-6F55-49EA-A195-ECD048155C65}.Debug|Any CPU.ActiveCfg = Debug|Any CPU
		{ADD3D3FA-6F55-49EA-A195-ECD048155C65}.Debug|Any CPU.Build.0 = Debug|Any CPU
		{ADD3D3FA-6F55-49EA-A195-ECD048155C65}.Release|Any CPU.ActiveCfg = Release|Any CPU
		{ADD3D3FA-6F55-49EA-A195-ECD048155C65}.Release|Any CPU.Build.0 = Release|Any CPU
	EndGlobalSection
	GlobalSection(SolutionProperties) = preSolution
		HideSolutionNode = FALSE
	EndGlobalSection
	GlobalSection(NestedProjects) = preSolution
		{2BF5D7D1-37DD-4308-866F-1DE71A532121} = {9C1C1D5B-0EA0-42AF-AAF0-6504CBB91B11}
		{912F2D8B-6224-404D-87E1-0B5915542A3E} = {9C1C1D5B-0EA0-42AF-AAF0-6504CBB91B11}
		{496B3EEA-3AEA-49EC-8A4B-47AB093F68A1} = {9C1C1D5B-0EA0-42AF-AAF0-6504CBB91B11}
		{DDC6C1FB-8B15-470E-AE82-ED545146899F} = {9C1C1D5B-0EA0-42AF-AAF0-6504CBB91B11}
	EndGlobalSection
	GlobalSection(ExtensibilityGlobals) = postSolution
		SolutionGuid = {691449BC-34A7-43B5-A17B-A07EF919CE45}
	EndGlobalSection
EndGlobal
